<?xml version="1.0" encoding="utf-8"?>
<Project ToolsVersion="4.0" xmlns="http://schemas.microsoft.com/developer/msbuild/2003">
  <ItemGroup>
    <ClCompile Include="Application.cpp" />
    <ClCompile Include="log.cpp" />
    <ClCompile Include="Main.cpp" />
    <ClCompile Include="ModuleInput.cpp" />
    <ClCompile Include="ModuleOpenGL.cpp" />
    <ClCompile Include="ModuleWindow.cpp" />
    <ClCompile Include="ModuleEditor.cpp" />
    <ClCompile Include="ModuleProgram.cpp" />
    <ClCompile Include="ModuleRenderExercice.cpp" />
    <ClCompile Include="Dependencies\imgui-1.89.9-docking\imgui.cpp">
      <Filter>imgui</Filter>
    </ClCompile>
    <ClCompile Include="Dependencies\imgui-1.89.9-docking\imgui_demo.cpp">
      <Filter>imgui</Filter>
    </ClCompile>
    <ClCompile Include="Dependencies\imgui-1.89.9-docking\imgui_draw.cpp">
      <Filter>imgui</Filter>
    </ClCompile>
    <ClCompile Include="Dependencies\imgui-1.89.9-docking\imgui_tables.cpp">
      <Filter>imgui</Filter>
    </ClCompile>
    <ClCompile Include="Dependencies\imgui-1.89.9-docking\imgui_widgets.cpp">
      <Filter>imgui</Filter>
    </ClCompile>
    <ClCompile Include="Dependencies\imgui-1.89.9-docking\backends\imgui_impl_opengl3.cpp">
      <Filter>imgui\backends</Filter>
    </ClCompile>
    <ClCompile Include="Dependencies\imgui-1.89.9-docking\backends\imgui_impl_sdl2.cpp">
      <Filter>imgui\backends</Filter>
    </ClCompile>
    <ClCompile Include="ModuleCamera.cpp" />
    <ClCompile Include="ModuleDebugDraw.cpp" />
    <ClCompile Include="Dependencies\MathGeolib\include\Algorithm\Random\LCG.cpp">
      <Filter>MathGeoLib</Filter>
    </ClCompile>
    <ClCompile Include="Dependencies\MathGeolib\include\Geometry\AABB.cpp">
      <Filter>MathGeoLib</Filter>
    </ClCompile>
    <ClCompile Include="Dependencies\MathGeolib\include\Geometry\Capsule.cpp">
      <Filter>MathGeoLib</Filter>
    </ClCompile>
    <ClCompile Include="Dependencies\MathGeolib\include\Geometry\Circle.cpp">
      <Filter>MathGeoLib</Filter>
    </ClCompile>
    <ClCompile Include="Dependencies\MathGeolib\include\Geometry\Cone.cpp">
      <Filter>MathGeoLib</Filter>
    </ClCompile>
    <ClCompile Include="Dependencies\MathGeolib\include\Geometry\Cylinder.cpp">
      <Filter>MathGeoLib</Filter>
    </ClCompile>
    <ClCompile Include="Dependencies\MathGeolib\include\Geometry\Frustum.cpp">
      <Filter>MathGeoLib</Filter>
    </ClCompile>
    <ClCompile Include="Dependencies\MathGeolib\include\Geometry\Line.cpp">
      <Filter>MathGeoLib</Filter>
    </ClCompile>
    <ClCompile Include="Dependencies\MathGeolib\include\Geometry\LineSegment.cpp">
      <Filter>MathGeoLib</Filter>
    </ClCompile>
    <ClCompile Include="Dependencies\MathGeolib\include\Geometry\OBB.cpp">
      <Filter>MathGeoLib</Filter>
    </ClCompile>
    <ClCompile Include="Dependencies\MathGeolib\include\Geometry\Plane.cpp">
      <Filter>MathGeoLib</Filter>
    </ClCompile>
    <ClCompile Include="Dependencies\MathGeolib\include\Geometry\Polygon.cpp">
      <Filter>MathGeoLib</Filter>
    </ClCompile>
    <ClCompile Include="Dependencies\MathGeolib\include\Geometry\Polyhedron.cpp">
      <Filter>MathGeoLib</Filter>
    </ClCompile>
    <ClCompile Include="Dependencies\MathGeolib\include\Geometry\Ray.cpp">
      <Filter>MathGeoLib</Filter>
    </ClCompile>
    <ClCompile Include="Dependencies\MathGeolib\include\Geometry\Sphere.cpp">
      <Filter>MathGeoLib</Filter>
    </ClCompile>
    <ClCompile Include="Dependencies\MathGeolib\include\Geometry\Triangle.cpp">
      <Filter>MathGeoLib</Filter>
    </ClCompile>
    <ClCompile Include="Dependencies\MathGeolib\include\Geometry\TriangleMesh.cpp">
      <Filter>MathGeoLib</Filter>
    </ClCompile>
    <ClCompile Include="Dependencies\MathGeolib\include\Math\BitOps.cpp">
      <Filter>MathGeoLib</Filter>
    </ClCompile>
    <ClCompile Include="Dependencies\MathGeolib\include\Math\float2.cpp">
      <Filter>MathGeoLib</Filter>
    </ClCompile>
    <ClCompile Include="Dependencies\MathGeolib\include\Math\float3.cpp">
      <Filter>MathGeoLib</Filter>
    </ClCompile>
    <ClCompile Include="Dependencies\MathGeolib\include\Math\float3x3.cpp">
      <Filter>MathGeoLib</Filter>
    </ClCompile>
    <ClCompile Include="Dependencies\MathGeolib\include\Math\float3x4.cpp">
      <Filter>MathGeoLib</Filter>
    </ClCompile>
    <ClCompile Include="Dependencies\MathGeolib\include\Math\float4.cpp">
      <Filter>MathGeoLib</Filter>
    </ClCompile>
    <ClCompile Include="Dependencies\MathGeolib\include\Math\float4x4.cpp">
      <Filter>MathGeoLib</Filter>
    </ClCompile>
    <ClCompile Include="Dependencies\MathGeolib\include\Math\MathFunc.cpp">
      <Filter>MathGeoLib</Filter>
    </ClCompile>
    <ClCompile Include="Dependencies\MathGeolib\include\Math\MathLog.cpp">
      <Filter>MathGeoLib</Filter>
    </ClCompile>
    <ClCompile Include="Dependencies\MathGeolib\include\Math\MathOps.cpp">
      <Filter>MathGeoLib</Filter>
    </ClCompile>
    <ClCompile Include="Dependencies\MathGeolib\include\Math\Polynomial.cpp">
      <Filter>MathGeoLib</Filter>
    </ClCompile>
    <ClCompile Include="Dependencies\MathGeolib\include\Math\Quat.cpp">
      <Filter>MathGeoLib</Filter>
    </ClCompile>
    <ClCompile Include="Dependencies\MathGeolib\include\Math\SSEMath.cpp">
      <Filter>MathGeoLib</Filter>
    </ClCompile>
    <ClCompile Include="Dependencies\MathGeolib\include\Math\TransformOps.cpp">
      <Filter>MathGeoLib</Filter>
    </ClCompile>
    <ClCompile Include="Dependencies\MathGeolib\include\Time\Clock.cpp">
      <Filter>MathGeoLib</Filter>
    </ClCompile>
    <ClCompile Include="ModuleTexture.cpp" />
    <ClCompile Include="ModuleModel.cpp" />
    <ClCompile Include="ModuleMesh.cpp" />
  </ItemGroup>
  <ItemGroup>
    <ClInclude Include="Application.h" />
    <ClInclude Include="Dummy.h" />
    <ClInclude Include="Globals.h" />
    <ClInclude Include="Module.h" />
    <ClInclude Include="ModuleInput.h" />
    <ClInclude Include="ModuleOpenGL.h" />
    <ClInclude Include="ModuleWindow.h" />
    <ClInclude Include="ModuleEditor.h" />
    <ClInclude Include="ModuleProgram.h" />
    <ClInclude Include="ModuleRenderExercice.h" />
    <ClInclude Include="Dependencies\imgui-1.89.9-docking\imconfig.h">
      <Filter>imgui</Filter>
    </ClInclude>
    <ClInclude Include="Dependencies\imgui-1.89.9-docking\imgui.h">
      <Filter>imgui</Filter>
    </ClInclude>
    <ClInclude Include="Dependencies\imgui-1.89.9-docking\imgui_internal.h">
      <Filter>imgui</Filter>
    </ClInclude>
    <ClInclude Include="Dependencies\imgui-1.89.9-docking\imstb_rectpack.h">
      <Filter>imgui</Filter>
    </ClInclude>
    <ClInclude Include="Dependencies\imgui-1.89.9-docking\imstb_textedit.h">
      <Filter>imgui</Filter>
    </ClInclude>
    <ClInclude Include="Dependencies\imgui-1.89.9-docking\imstb_truetype.h">
      <Filter>imgui</Filter>
    </ClInclude>
    <ClInclude Include="Dependencies\imgui-1.89.9-docking\backends\imgui_impl_opengl3.h">
      <Filter>imgui\backends</Filter>
    </ClInclude>
    <ClInclude Include="Dependencies\imgui-1.89.9-docking\backends\imgui_impl_opengl3_loader.h">
      <Filter>imgui\backends</Filter>
    </ClInclude>
    <ClInclude Include="Dependencies\imgui-1.89.9-docking\backends\imgui_impl_sdl2.h">
      <Filter>imgui\backends</Filter>
    </ClInclude>
    <ClInclude Include="ModuleCamera.h" />
    <ClInclude Include="ModuleDebugDraw.h" />
    <ClInclude Include="debug_draw.hpp">
      <Filter>debug_draw</Filter>
    </ClInclude>
    <ClInclude Include="debugdraw.h">
      <Filter>debug_draw</Filter>
    </ClInclude>
    <ClInclude Include="Dependencies\MathGeolib\include\MathBuildConfig.h">
      <Filter>MathGeoLib</Filter>
    </ClInclude>
    <ClInclude Include="Dependencies\MathGeolib\include\MathGeoLib.h">
      <Filter>MathGeoLib</Filter>
    </ClInclude>
    <ClInclude Include="Dependencies\MathGeolib\include\MathGeoLibFwd.h">
      <Filter>MathGeoLib</Filter>
    </ClInclude>
    <ClInclude Include="Dependencies\MathGeolib\include\Algorithm\Random\LCG.h">
      <Filter>MathGeoLib</Filter>
    </ClInclude>
    <ClInclude Include="Dependencies\MathGeolib\include\Geometry\AABB.h">
      <Filter>MathGeoLib</Filter>
    </ClInclude>
    <ClInclude Include="Dependencies\MathGeolib\include\Geometry\AABB2D.h">
      <Filter>MathGeoLib</Filter>
    </ClInclude>
    <ClInclude Include="Dependencies\MathGeolib\include\Geometry\Capsule.h">
      <Filter>MathGeoLib</Filter>
    </ClInclude>
    <ClInclude Include="Dependencies\MathGeolib\include\Geometry\Circle.h">
      <Filter>MathGeoLib</Filter>
    </ClInclude>
    <ClInclude Include="Dependencies\MathGeolib\include\Geometry\Cone.h">
      <Filter>MathGeoLib</Filter>
    </ClInclude>
    <ClInclude Include="Dependencies\MathGeolib\include\Geometry\Cylinder.h">
      <Filter>MathGeoLib</Filter>
    </ClInclude>
    <ClInclude Include="Dependencies\MathGeolib\include\Geometry\Frustum.h">
      <Filter>MathGeoLib</Filter>
    </ClInclude>
    <ClInclude Include="Dependencies\MathGeolib\include\Geometry\GeometryAll.h">
      <Filter>MathGeoLib</Filter>
    </ClInclude>
    <ClInclude Include="Dependencies\MathGeolib\include\Geometry\GeomType.h">
      <Filter>MathGeoLib</Filter>
    </ClInclude>
    <ClInclude Include="Dependencies\MathGeolib\include\Geometry\HitInfo.h">
      <Filter>MathGeoLib</Filter>
    </ClInclude>
    <ClInclude Include="Dependencies\MathGeolib\include\Geometry\KDTree.h">
      <Filter>MathGeoLib</Filter>
    </ClInclude>
    <ClInclude Include="Dependencies\MathGeolib\include\Geometry\Line.h">
      <Filter>MathGeoLib</Filter>
    </ClInclude>
    <ClInclude Include="Dependencies\MathGeolib\include\Geometry\LineSegment.h">
      <Filter>MathGeoLib</Filter>
    </ClInclude>
    <ClInclude Include="Dependencies\MathGeolib\include\Geometry\OBB.h">
      <Filter>MathGeoLib</Filter>
    </ClInclude>
    <ClInclude Include="Dependencies\MathGeolib\include\Geometry\PBVolume.h">
      <Filter>MathGeoLib</Filter>
    </ClInclude>
    <ClInclude Include="Dependencies\MathGeolib\include\Geometry\Plane.h">
      <Filter>MathGeoLib</Filter>
    </ClInclude>
    <ClInclude Include="Dependencies\MathGeolib\include\Geometry\Polygon.h">
      <Filter>MathGeoLib</Filter>
    </ClInclude>
    <ClInclude Include="Dependencies\MathGeolib\include\Geometry\Polyhedron.h">
      <Filter>MathGeoLib</Filter>
    </ClInclude>
    <ClInclude Include="Dependencies\MathGeolib\include\Geometry\QuadTree.h">
      <Filter>MathGeoLib</Filter>
    </ClInclude>
    <ClInclude Include="Dependencies\MathGeolib\include\Geometry\Ray.h">
      <Filter>MathGeoLib</Filter>
    </ClInclude>
    <ClInclude Include="Dependencies\MathGeolib\include\Geometry\Sphere.h">
      <Filter>MathGeoLib</Filter>
    </ClInclude>
    <ClInclude Include="Dependencies\MathGeolib\include\Geometry\Triangle.h">
      <Filter>MathGeoLib</Filter>
    </ClInclude>
    <ClInclude Include="Dependencies\MathGeolib\include\Geometry\TriangleMesh.h">
      <Filter>MathGeoLib</Filter>
    </ClInclude>
    <ClInclude Include="Dependencies\MathGeolib\include\Math\assume.h">
      <Filter>MathGeoLib</Filter>
    </ClInclude>
    <ClInclude Include="Dependencies\MathGeolib\include\Math\BitOps.h">
      <Filter>MathGeoLib</Filter>
    </ClInclude>
    <ClInclude Include="Dependencies\MathGeolib\include\Math\Complex.h">
      <Filter>MathGeoLib</Filter>
    </ClInclude>
    <ClInclude Include="Dependencies\MathGeolib\include\Math\CoordinateAxisConvention.h">
      <Filter>MathGeoLib</Filter>
    </ClInclude>
    <ClInclude Include="Dependencies\MathGeolib\include\Math\FixedPoint.h">
      <Filter>MathGeoLib</Filter>
    </ClInclude>
    <ClInclude Include="Dependencies\MathGeolib\include\Math\float2.h">
      <Filter>MathGeoLib</Filter>
    </ClInclude>
    <ClInclude Include="Dependencies\MathGeolib\include\Math\float3.h">
      <Filter>MathGeoLib</Filter>
    </ClInclude>
    <ClInclude Include="Dependencies\MathGeolib\include\Math\float3x3.h">
      <Filter>MathGeoLib</Filter>
    </ClInclude>
    <ClInclude Include="Dependencies\MathGeolib\include\Math\float3x4.h">
      <Filter>MathGeoLib</Filter>
    </ClInclude>
    <ClInclude Include="Dependencies\MathGeolib\include\Math\float4.h">
      <Filter>MathGeoLib</Filter>
    </ClInclude>
    <ClInclude Include="Dependencies\MathGeolib\include\Math\float4_neon.h">
      <Filter>MathGeoLib</Filter>
    </ClInclude>
    <ClInclude Include="Dependencies\MathGeolib\include\Math\float4_sse.h">
      <Filter>MathGeoLib</Filter>
    </ClInclude>
    <ClInclude Include="Dependencies\MathGeolib\include\Math\float4x4.h">
      <Filter>MathGeoLib</Filter>
    </ClInclude>
    <ClInclude Include="Dependencies\MathGeolib\include\Math\float4x4_neon.h">
      <Filter>MathGeoLib</Filter>
    </ClInclude>
    <ClInclude Include="Dependencies\MathGeolib\include\Math\float4x4_sse.h">
      <Filter>MathGeoLib</Filter>
    </ClInclude>
    <ClInclude Include="Dependencies\MathGeolib\include\Math\FloatCmp.h">
      <Filter>MathGeoLib</Filter>
    </ClInclude>
    <ClInclude Include="Dependencies\MathGeolib\include\Math\MathAll.h">
      <Filter>MathGeoLib</Filter>
    </ClInclude>
    <ClInclude Include="Dependencies\MathGeolib\include\Math\MathConstants.h">
      <Filter>MathGeoLib</Filter>
    </ClInclude>
    <ClInclude Include="Dependencies\MathGeolib\include\Math\MathFunc.h">
      <Filter>MathGeoLib</Filter>
    </ClInclude>
    <ClInclude Include="Dependencies\MathGeolib\include\Math\MathLog.h">
      <Filter>MathGeoLib</Filter>
    </ClInclude>
    <ClInclude Include="Dependencies\MathGeolib\include\Math\MathNamespace.h">
      <Filter>MathGeoLib</Filter>
    </ClInclude>
    <ClInclude Include="Dependencies\MathGeolib\include\Math\MathTypes.h">
      <Filter>MathGeoLib</Filter>
    </ClInclude>
    <ClInclude Include="Dependencies\MathGeolib\include\Math\MatrixProxy.h">
      <Filter>MathGeoLib</Filter>
    </ClInclude>
    <ClInclude Include="Dependencies\MathGeolib\include\Math\myassert.h">
      <Filter>MathGeoLib</Filter>
    </ClInclude>
    <ClInclude Include="Dependencies\MathGeolib\include\Math\Polynomial.h">
      <Filter>MathGeoLib</Filter>
    </ClInclude>
    <ClInclude Include="Dependencies\MathGeolib\include\Math\Quat.h">
      <Filter>MathGeoLib</Filter>
    </ClInclude>
    <ClInclude Include="Dependencies\MathGeolib\include\Math\quat_simd.h">
      <Filter>MathGeoLib</Filter>
    </ClInclude>
    <ClInclude Include="Dependencies\MathGeolib\include\Math\Rect.h">
      <Filter>MathGeoLib</Filter>
    </ClInclude>
    <ClInclude Include="Dependencies\MathGeolib\include\Math\Reinterpret.h">
      <Filter>MathGeoLib</Filter>
    </ClInclude>
    <ClInclude Include="Dependencies\MathGeolib\include\Math\sse_mathfun.h">
      <Filter>MathGeoLib</Filter>
    </ClInclude>
    <ClInclude Include="Dependencies\MathGeolib\include\Math\SSEMath.h">
      <Filter>MathGeoLib</Filter>
    </ClInclude>
    <ClInclude Include="Dependencies\MathGeolib\include\Math\TransformOps.h">
      <Filter>MathGeoLib</Filter>
    </ClInclude>
    <ClInclude Include="Dependencies\MathGeolib\include\Time\Clock.h">
      <Filter>MathGeoLib</Filter>
    </ClInclude>
    <ClInclude Include="ModuleTexture.h" />
    <ClInclude Include="ModuleModel.h" />
    <ClInclude Include="ModuleMesh.h" />
    <ClInclude Include="..\..\..\tinygltf-release\json.h">
      <Filter>tiny_gltf</Filter>
    </ClInclude>
    <ClInclude Include="..\..\..\tinygltf-release\stb_image.h">
      <Filter>tiny_gltf</Filter>
    </ClInclude>
    <ClInclude Include="..\..\..\tinygltf-release\stb_image_write.h">
      <Filter>tiny_gltf</Filter>
    </ClInclude>
    <ClInclude Include="..\..\..\tinygltf-release\tiny_gltf.h">
      <Filter>tiny_gltf</Filter>
    </ClInclude>
  </ItemGroup>
  <ItemGroup>
    <Filter Include="imgui">
      <UniqueIdentifier>{d6cbfe1d-1528-48c6-bc6b-0b5054dc7e08}</UniqueIdentifier>
    </Filter>
    <Filter Include="imgui\backends">
      <UniqueIdentifier>{04ebf76e-90ad-4661-829f-d2c118a68198}</UniqueIdentifier>
    </Filter>
    <Filter Include="debug_draw">
      <UniqueIdentifier>{fc835d3a-025c-4d4a-b9ce-c31915a4fcda}</UniqueIdentifier>
    </Filter>
    <Filter Include="MathGeoLib">
      <UniqueIdentifier>{c517eb1c-aa94-4b2f-b15d-8ab6e787dad3}</UniqueIdentifier>
    </Filter>
    <Filter Include="Textures">
      <UniqueIdentifier>{80496025-86af-4ec5-aea9-2bcbca145ba0}</UniqueIdentifier>
    </Filter>
    <Filter Include="tiny_gltf">
      <UniqueIdentifier>{aa3c8601-8af8-461f-95e5-65cadeae2a6f}</UniqueIdentifier>
    </Filter>
  </ItemGroup>
  <ItemGroup>
    <None Include="vertexShader.glsl" />
    <None Include="fragmentShader.glsl" />
    <None Include="Dependencies\MathGeolib\include\Geometry\KDTree.inl">
      <Filter>MathGeoLib</Filter>
    </None>
    <None Include="Dependencies\MathGeolib\include\Geometry\QuadTree.inl">
      <Filter>MathGeoLib</Filter>
    </None>
    <None Include="Dependencies\MathGeolib\include\Geometry\TriangleMesh_IntersectRay_AVX.inl">
      <Filter>MathGeoLib</Filter>
    </None>
    <None Include="Dependencies\MathGeolib\include\Geometry\TriangleMesh_IntersectRay_CPP.inl">
      <Filter>MathGeoLib</Filter>
    </None>
    <None Include="Dependencies\MathGeolib\include\Geometry\TriangleMesh_IntersectRay_SSE.inl">
      <Filter>MathGeoLib</Filter>
    </None>
    <None Include="Dependencies\MathGeolib\include\Math\Matrix.inl">
      <Filter>MathGeoLib</Filter>
    </None>
    <None Include="Baboon.jpg">
      <Filter>Textures</Filter>
    </None>
  </ItemGroup>
</Project>